
Microsoft Visual Studio Solution File, Format Version 12.00
# Visual Studio Version 16
VisualStudioVersion = 16.0.30907.101
MinimumVisualStudioVersion = 10.0.40219.1
Project("{9A19103F-16F7-4668-BE54-9A1E7A4F7556}") = "Libs.API.Core", "src\Libs.API.Core\Libs.API.Core.csproj", "{7DAE08E8-1292-4754-B471-19CBFE7FBDA3}"
EndProject
Project("{9A19103F-16F7-4668-BE54-9A1E7A4F7556}") = "Libs.API.Infrastructure", "src\Libs.API.Infrastructure\Libs.API.Infrastructure.csproj", "{EE0AD354-BDB9-43DD-97D1-58C059649A90}"
EndProject
Project("{FAE04EC0-301F-11D3-BF4B-00C04F79EFBC}") = "Libs.API.Web", "Libs.API.Web\Libs.API.Web.csproj", "{E3531A08-3AB8-4386-BA92-D3DF3416321C}"
EndProject
Global
	GlobalSection(SolutionConfigurationPlatforms) = preSolution
		Debug|Any CPU = Debug|Any CPU
		Release|Any CPU = Release|Any CPU
	EndGlobalSection
	GlobalSection(ProjectConfigurationPlatforms) = postSolution
		{7DAE08E8-1292-4754-B471-19CBFE7FBDA3}.Debug|Any CPU.ActiveCfg = Debug|Any CPU
		{7DAE08E8-1292-4754-B471-19CBFE7FBDA3}.Debug|Any CPU.Build.0 = Debug|Any CPU
		{7DAE08E8-1292-4754-B471-19CBFE7FBDA3}.Release|Any CPU.ActiveCfg = Release|Any CPU
		{7DAE08E8-1292-4754-B471-19CBFE7FBDA3}.Release|Any CPU.Build.0 = Release|Any CPU
		{EE0AD354-BDB9-43DD-97D1-58C059649A90}.Debug|Any CPU.ActiveCfg = Debug|Any CPU
		{EE0AD354-BDB9-43DD-97D1-58C059649A90}.Debug|Any CPU.Build.0 = Debug|Any CPU
		{EE0AD354-BDB9-43DD-97D1-58C059649A90}.Release|Any CPU.ActiveCfg = Release|Any CPU
		{EE0AD354-BDB9-43DD-97D1-58C059649A90}.Release|Any CPU.Build.0 = Release|Any CPU
		{E3531A08-3AB8-4386-BA92-D3DF3416321C}.Debug|Any CPU.ActiveCfg = Debug|Any CPU
		{E3531A08-3AB8-4386-BA92-D3DF3416321C}.Debug|Any CPU.Build.0 = Debug|Any CPU
		{E3531A08-3AB8-4386-BA92-D3DF3416321C}.Release|Any CPU.ActiveCfg = Release|Any CPU
		{E3531A08-3AB8-4386-BA92-D3DF3416321C}.Release|Any CPU.Build.0 = Release|Any CPU
	EndGlobalSection
	GlobalSection(SolutionProperties) = preSolution
		HideSolutionNode = FALSE
	EndGlobalSection
	GlobalSection(ExtensibilityGlobals) = postSolution
		SolutionGuid = {BE0411C5-DB98-4FCB-9DD6-5D1BB8586D57}
	EndGlobalSection
EndGlobal
